// !$*UTF8*$!
{
	archiveVersion = 1;
	classes = {
	};
	objectVersion = 50;
	objects = {

/* Begin PBXBuildFile section */
		3214C2BB2553460400F926D8 /* AppDelegate.swift in Sources */ = {isa = PBXBuildFile; fileRef = 3214C2BA2553460400F926D8 /* AppDelegate.swift */; };
		3214C2BD2553460400F926D8 /* SceneDelegate.swift in Sources */ = {isa = PBXBuildFile; fileRef = 3214C2BC2553460400F926D8 /* SceneDelegate.swift */; };
		3214C2BF2553460400F926D8 /* ViewController.swift in Sources */ = {isa = PBXBuildFile; fileRef = 3214C2BE2553460400F926D8 /* ViewController.swift */; };
		3214C2C22553460400F926D8 /* Main.storyboard in Resources */ = {isa = PBXBuildFile; fileRef = 3214C2C02553460400F926D8 /* Main.storyboard */; };
		3214C2C42553460700F926D8 /* Assets.xcassets in Resources */ = {isa = PBXBuildFile; fileRef = 3214C2C32553460700F926D8 /* Assets.xcassets */; };
		3214C2C72553460700F926D8 /* LaunchScreen.storyboard in Resources */ = {isa = PBXBuildFile; fileRef = 3214C2C52553460700F926D8 /* LaunchScreen.storyboard */; };
		3214C2D22553460700F926D8 /* StockAppTests.swift in Sources */ = {isa = PBXBuildFile; fileRef = 3214C2D12553460700F926D8 /* StockAppTests.swift */; };
		3214C2DD2553460700F926D8 /* StockAppUITests.swift in Sources */ = {isa = PBXBuildFile; fileRef = 3214C2DC2553460700F926D8 /* StockAppUITests.swift */; };
/* End PBXBuildFile section */

/* Begin PBXContainerItemProxy section */
		3214C2CE2553460700F926D8 /* PBXContainerItemProxy */ = {
			isa = PBXContainerItemProxy;
			containerPortal = 3214C2AF2553460400F926D8 /* Project object */;
			proxyType = 1;
			remoteGlobalIDString = 3214C2B62553460400F926D8;
			remoteInfo = StockApp;
		};
		3214C2D92553460700F926D8 /* PBXContainerItemProxy */ = {
			isa = PBXContainerItemProxy;
			containerPortal = 3214C2AF2553460400F926D8 /* Project object */;
			proxyType = 1;
			remoteGlobalIDString = 3214C2B62553460400F926D8;
			remoteInfo = StockApp;
		};
/* End PBXContainerItemProxy section */

/* Begin PBXFileReference section */
		3214C2B72553460400F926D8 /* StockApp.app */ = {isa = PBXFileReference; explicitFileType = wrapper.application; includeInIndex = 0; path = StockApp.app; sourceTree = BUILT_PRODUCTS_DIR; };
		3214C2BA2553460400F926D8 /* AppDelegate.swift */ = {isa = PBXFileReference; lastKnownFileType = sourcecode.swift; path = AppDelegate.swift; sourceTree = "<group>"; };
		3214C2BC2553460400F926D8 /* SceneDelegate.swift */ = {isa = PBXFileReference; lastKnownFileType = sourcecode.swift; path = SceneDelegate.swift; sourceTree = "<group>"; };
		3214C2BE2553460400F926D8 /* ViewController.swift */ = {isa = PBXFileReference; lastKnownFileType = sourcecode.swift; path = ViewController.swift; sourceTree = "<group>"; };
		3214C2C12553460400F926D8 /* Base */ = {isa = PBXFileReference; lastKnownFileType = file.storyboard; name = Base; path = Base.lproj/Main.storyboard; sourceTree = "<group>"; };
		3214C2C32553460700F926D8 /* Assets.xcassets */ = {isa = PBXFileReference; lastKnownFileType = folder.assetcatalog; path = Assets.xcassets; sourceTree = "<group>"; };
		3214C2C62553460700F926D8 /* Base */ = {isa = PBXFileReference; lastKnownFileType = file.storyboard; name = Base; path = Base.lproj/LaunchScreen.storyboard; sourceTree = "<group>"; };
		3214C2C82553460700F926D8 /* Info.plist */ = {isa = PBXFileReference; lastKnownFileType = text.plist.xml; path = Info.plist; sourceTree = "<group>"; };
		3214C2CD2553460700F926D8 /* StockAppTests.xctest */ = {isa = PBXFileReference; explicitFileType = wrapper.cfbundle; includeInIndex = 0; path = StockAppTests.xctest; sourceTree = BUILT_PRODUCTS_DIR; };
		3214C2D12553460700F926D8 /* StockAppTests.swift */ = {isa = PBXFileReference; lastKnownFileType = sourcecode.swift; path = StockAppTests.swift; sourceTree = "<group>"; };
		3214C2D32553460700F926D8 /* Info.plist */ = {isa = PBXFileReference; lastKnownFileType = text.plist.xml; path = Info.plist; sourceTree = "<group>"; };
		3214C2D82553460700F926D8 /* StockAppUITests.xctest */ = {isa = PBXFileReference; explicitFileType = wrapper.cfbundle; includeInIndex = 0; path = StockAppUITests.xctest; sourceTree = BUILT_PRODUCTS_DIR; };
		3214C2DC2553460700F926D8 /* StockAppUITests.swift */ = {isa = PBXFileReference; lastKnownFileType = sourcecode.swift; path = StockAppUITests.swift; sourceTree = "<group>"; };
		3214C2DE2553460700F926D8 /* Info.plist */ = {isa = PBXFileReference; lastKnownFileType = text.plist.xml; path = Info.plist; sourceTree = "<group>"; };
/* End PBXFileReference section */

/* Begin PBXFrameworksBuildPhase section */
		3214C2B42553460400F926D8 /* Frameworks */ = {
			isa = PBXFrameworksBuildPhase;
			buildActionMask = 2147483647;
			files = (
			);
			runOnlyForDeploymentPostprocessing = 0;
		};
		3214C2CA2553460700F926D8 /* Frameworks */ = {
			isa = PBXFrameworksBuildPhase;
			buildActionMask = 2147483647;
			files = (
			);
			runOnlyForDeploymentPostprocessing = 0;
		};
		3214C2D52553460700F926D8 /* Frameworks */ = {
			isa = PBXFrameworksBuildPhase;
			buildActionMask = 2147483647;
			files = (
			);
			runOnlyForDeploymentPostprocessing = 0;
		};
/* End PBXFrameworksBuildPhase section */

/* Begin PBXGroup section */
		3214C2AE2553460400F926D8 = {
			isa = PBXGroup;
			children = (
				3214C2B92553460400F926D8 /* StockApp */,
				3214C2D02553460700F926D8 /* StockAppTests */,
				3214C2DB2553460700F926D8 /* StockAppUITests */,
				3214C2B82553460400F926D8 /* Products */,
			);
			sourceTree = "<group>";
		};
		3214C2B82553460400F926D8 /* Products */ = {
			isa = PBXGroup;
			children = (
				3214C2B72553460400F926D8 /* StockApp.app */,
				3214C2CD2553460700F926D8 /* StockAppTests.xctest */,
				3214C2D82553460700F926D8 /* StockAppUITests.xctest */,
			);
			name = Products;
			sourceTree = "<group>";
		};
		3214C2B92553460400F926D8 /* StockApp */ = {
			isa = PBXGroup;
			children = (
				3214C2BA2553460400F926D8 /* AppDelegate.swift */,
				3214C2BC2553460400F926D8 /* SceneDelegate.swift */,
				3214C2BE2553460400F926D8 /* ViewController.swift */,
				3214C2C02553460400F926D8 /* Main.storyboard */,
				3214C2C32553460700F926D8 /* Assets.xcassets */,
				3214C2C52553460700F926D8 /* LaunchScreen.storyboard */,
				3214C2C82553460700F926D8 /* Info.plist */,
			);
			path = StockApp;
			sourceTree = "<group>";
		};
		3214C2D02553460700F926D8 /* StockAppTests */ = {
			isa = PBXGroup;
			children = (
				3214C2D12553460700F926D8 /* StockAppTests.swift */,
				3214C2D32553460700F926D8 /* Info.plist */,
			);
			path = StockAppTests;
			sourceTree = "<group>";
		};
		3214C2DB2553460700F926D8 /* StockAppUITests */ = {
			isa = PBXGroup;
			children = (
				3214C2DC2553460700F926D8 /* StockAppUITests.swift */,
				3214C2DE2553460700F926D8 /* Info.plist */,
			);
			path = StockAppUITests;
			sourceTree = "<group>";
		};
/* End PBXGroup section */

/* Begin PBXNativeTarget section */
		3214C2B62553460400F926D8 /* StockApp */ = {
			isa = PBXNativeTarget;
			buildConfigurationList = 3214C2E12553460700F926D8 /* Build configuration list for PBXNativeTarget "StockApp" */;
			buildPhases = (
				3214C2B32553460400F926D8 /* Sources */,
				3214C2B42553460400F926D8 /* Frameworks */,
				3214C2B52553460400F926D8 /* Resources */,
			);
			buildRules = (
			);
			dependencies = (
			);
			name = StockApp;
			productName = StockApp;
			productReference = 3214C2B72553460400F926D8 /* StockApp.app */;
			productType = "com.apple.product-type.application";
		};
		3214C2CC2553460700F926D8 /* StockAppTests */ = {
			isa = PBXNativeTarget;
			buildConfigurationList = 3214C2E42553460700F926D8 /* Build configuration list for PBXNativeTarget "StockAppTests" */;
			buildPhases = (
				3214C2C92553460700F926D8 /* Sources */,
				3214C2CA2553460700F926D8 /* Frameworks */,
				3214C2CB2553460700F926D8 /* Resources */,
			);
			buildRules = (
			);
			dependencies = (
				3214C2CF2553460700F926D8 /* PBXTargetDependency */,
			);
			name = StockAppTests;
			productName = StockAppTests;
			productReference = 3214C2CD2553460700F926D8 /* StockAppTests.xctest */;
			productType = "com.apple.product-type.bundle.unit-test";
		};
		3214C2D72553460700F926D8 /* StockAppUITests */ = {
			isa = PBXNativeTarget;
			buildConfigurationList = 3214C2E72553460700F926D8 /* Build configuration list for PBXNativeTarget "StockAppUITests" */;
			buildPhases = (
				3214C2D42553460700F926D8 /* Sources */,
				3214C2D52553460700F926D8 /* Frameworks */,
				3214C2D62553460700F926D8 /* Resources */,
			);
			buildRules = (
			);
			dependencies = (
				3214C2DA2553460700F926D8 /* PBXTargetDependency */,
			);
			name = StockAppUITests;
			productName = StockAppUITests;
			productReference = 3214C2D82553460700F926D8 /* StockAppUITests.xctest */;
			productType = "com.apple.product-type.bundle.ui-testing";
		};
/* End PBXNativeTarget section */

/* Begin PBXProject section */
		3214C2AF2553460400F926D8 /* Project object */ = {
			isa = PBXProject;
			attributes = {
				LastSwiftUpdateCheck = 1200;
				LastUpgradeCheck = 1200;
				TargetAttributes = {
					3214C2B62553460400F926D8 = {
						CreatedOnToolsVersion = 12.0.1;
					};
					3214C2CC2553460700F926D8 = {
						CreatedOnToolsVersion = 12.0.1;
						TestTargetID = 3214C2B62553460400F926D8;
					};
					3214C2D72553460700F926D8 = {
						CreatedOnToolsVersion = 12.0.1;
						TestTargetID = 3214C2B62553460400F926D8;
					};
				};
			};
			buildConfigurationList = 3214C2B22553460400F926D8 /* Build configuration list for PBXProject "StockApp" */;
			compatibilityVersion = "Xcode 9.3";
			developmentRegion = en;
			hasScannedForEncodings = 0;
			knownRegions = (
				en,
				Base,
			);
			mainGroup = 3214C2AE2553460400F926D8;
			productRefGroup = 3214C2B82553460400F926D8 /* Products */;
			projectDirPath = "";
			projectRoot = "";
			targets = (
				3214C2B62553460400F926D8 /* StockApp */,
				3214C2CC2553460700F926D8 /* StockAppTests */,
				3214C2D72553460700F926D8 /* StockAppUITests */,
			);
		};
/* End PBXProject section */

/* Begin PBXResourcesBuildPhase section */
		3214C2B52553460400F926D8 /* Resources */ = {
			isa = PBXResourcesBuildPhase;
			buildActionMask = 2147483647;
			files = (
				3214C2C72553460700F926D8 /* LaunchScreen.storyboard in Resources */,
				3214C2C42553460700F926D8 /* Assets.xcassets in Resources */,
				3214C2C22553460400F926D8 /* Main.storyboard in Resources */,
			);
			runOnlyForDeploymentPostprocessing = 0;
		};
		3214C2CB2553460700F926D8 /* Resources */ = {
			isa = PBXResourcesBuildPhase;
			buildActionMask = 2147483647;
			files = (
			);
			runOnlyForDeploymentPostprocessing = 0;
		};
		3214C2D62553460700F926D8 /* Resources */ = {
			isa = PBXResourcesBuildPhase;
			buildActionMask = 2147483647;
			files = (
			);
			runOnlyForDeploymentPostprocessing = 0;
		};
/* End PBXResourcesBuildPhase section */

/* Begin PBXSourcesBuildPhase section */
		3214C2B32553460400F926D8 /* Sources */ = {
			isa = PBXSourcesBuildPhase;
			buildActionMask = 2147483647;
			files = (
				3214C2BF2553460400F926D8 /* ViewController.swift in Sources */,
				3214C2BB2553460400F926D8 /* AppDelegate.swift in Sources */,
				3214C2BD2553460400F926D8 /* SceneDelegate.swift in Sources */,
			);
			runOnlyForDeploymentPostprocessing = 0;
		};
		3214C2C92553460700F926D8 /* Sources */ = {
			isa = PBXSourcesBuildPhase;
			buildActionMask = 2147483647;
			files = (
				3214C2D22553460700F926D8 /* StockAppTests.swift in Sources */,
			);
			runOnlyForDeploymentPostprocessing = 0;
		};
		3214C2D42553460700F926D8 /* Sources */ = {
			isa = PBXSourcesBuildPhase;
			buildActionMask = 2147483647;
			files = (
				3214C2DD2553460700F926D8 /* StockAppUITests.swift in Sources */,
			);
			runOnlyForDeploymentPostprocessing = 0;
		};
/* End PBXSourcesBuildPhase section */

/* Begin PBXTargetDependency section */
		3214C2CF2553460700F926D8 /* PBXTargetDependency */ = {
			isa = PBXTargetDependency;
			target = 3214C2B62553460400F926D8 /* StockApp */;
			targetProxy = 3214C2CE2553460700F926D8 /* PBXContainerItemProxy */;
		};
		3214C2DA2553460700F926D8 /* PBXTargetDependency */ = {
			isa = PBXTargetDependency;
			target = 3214C2B62553460400F926D8 /* StockApp */;
			targetProxy = 3214C2D92553460700F926D8 /* PBXContainerItemProxy */;
		};
/* End PBXTargetDependency section */

/* Begin PBXVariantGroup section */
		3214C2C02553460400F926D8 /* Main.storyboard */ = {
			isa = PBXVariantGroup;
			children = (
				3214C2C12553460400F926D8 /* Base */,
			);
			name = Main.storyboard;
			sourceTree = "<group>";
		};
		3214C2C52553460700F926D8 /* LaunchScreen.storyboard */ = {
			isa = PBXVariantGroup;
			children = (
				3214C2C62553460700F926D8 /* Base */,
			);
			name = LaunchScreen.storyboard;
			sourceTree = "<group>";
		};
/* End PBXVariantGroup section */

/* Begin XCBuildConfiguration section */
		3214C2DF2553460700F926D8 /* Debug */ = {
			isa = XCBuildConfiguration;
			buildSettings = {
				ALWAYS_SEARCH_USER_PATHS = NO;
				CLANG_ANALYZER_NONNULL = YES;
				CLANG_ANALYZER_NUMBER_OBJECT_CONVERSION = YES_AGGRESSIVE;
				CLANG_CXX_LANGUAGE_STANDARD = "gnu++14";
				CLANG_CXX_LIBRARY = "libc++";
				CLANG_ENABLE_MODULES = YES;
				CLANG_ENABLE_OBJC_ARC = YES;
				CLANG_ENABLE_OBJC_WEAK = YES;
				CLANG_WARN_BLOCK_CAPTURE_AUTORELEASING = YES;
				CLANG_WARN_BOOL_CONVERSION = YES;
				CLANG_WARN_COMMA = YES;
				CLANG_WARN_CONSTANT_CONVERSION = YES;
				CLANG_WARN_DEPRECATED_OBJC_IMPLEMENTATIONS = YES;
				CLANG_WARN_DIRECT_OBJC_ISA_USAGE = YES_ERROR;
				CLANG_WARN_DOCUMENTATION_COMMENTS = YES;
				CLANG_WARN_EMPTY_BODY = YES;
				CLANG_WARN_ENUM_CONVERSION = YES;
				CLANG_WARN_INFINITE_RECURSION = YES;
				CLANG_WARN_INT_CONVERSION = YES;
				CLANG_WARN_NON_LITERAL_NULL_CONVERSION = YES;
				CLANG_WARN_OBJC_IMPLICIT_RETAIN_SELF = YES;
				CLANG_WARN_OBJC_LITERAL_CONVERSION = YES;
				CLANG_WARN_OBJC_ROOT_CLASS = YES_ERROR;
				CLANG_WARN_QUOTED_INCLUDE_IN_FRAMEWORK_HEADER = YES;
				CLANG_WARN_RANGE_LOOP_ANALYSIS = YES;
				CLANG_WARN_STRICT_PROTOTYPES = YES;
				CLANG_WARN_SUSPICIOUS_MOVE = YES;
				CLANG_WARN_UNGUARDED_AVAILABILITY = YES_AGGRESSIVE;
				CLANG_WARN_UNREACHABLE_CODE = YES;
				CLANG_WARN__DUPLICATE_METHOD_MATCH = YES;
				COPY_PHASE_STRIP = NO;
				DEBUG_INFORMATION_FORMAT = dwarf;
				ENABLE_STRICT_OBJC_MSGSEND = YES;
				ENABLE_TESTABILITY = YES;
				GCC_C_LANGUAGE_STANDARD = gnu11;
				GCC_DYNAMIC_NO_PIC = NO;
				GCC_NO_COMMON_BLOCKS = YES;
				GCC_OPTIMIZATION_LEVEL = 0;
				GCC_PREPROCESSOR_DEFINITIONS = (
					"DEBUG=1",
					"$(inherited)",
				);
				GCC_WARN_64_TO_32_BIT_CONVERSION = YES;
				GCC_WARN_ABOUT_RETURN_TYPE = YES_ERROR;
				GCC_WARN_UNDECLARED_SELECTOR = YES;
				GCC_WARN_UNINITIALIZED_AUTOS = YES_AGGRESSIVE;
				GCC_WARN_UNUSED_FUNCTION = YES;
				GCC_WARN_UNUSED_VARIABLE = YES;
				IPHONEOS_DEPLOYMENT_TARGET = 14.0;
				MTL_ENABLE_DEBUG_INFO = INCLUDE_SOURCE;
				MTL_FAST_MATH = YES;
				ONLY_ACTIVE_ARCH = YES;
				SDKROOT = iphoneos;
				SWIFT_ACTIVE_COMPILATION_CONDITIONS = DEBUG;
				SWIFT_OPTIMIZATION_LEVEL = "-Onone";
			};
			name = Debug;
		};
		3214C2E02553460700F926D8 /* Release */ = {
			isa = XCBuildConfiguration;
			buildSettings = {
				ALWAYS_SEARCH_USER_PATHS = NO;
				CLANG_ANALYZER_NONNULL = YES;
				CLANG_ANALYZER_NUMBER_OBJECT_CONVERSION = YES_AGGRESSIVE;
				CLANG_CXX_LANGUAGE_STANDARD = "gnu++14";
				CLANG_CXX_LIBRARY = "libc++";
				CLANG_ENABLE_MODULES = YES;
				CLANG_ENABLE_OBJC_ARC = YES;
				CLANG_ENABLE_OBJC_WEAK = YES;
				CLANG_WARN_BLOCK_CAPTURE_AUTORELEASING = YES;
				CLANG_WARN_BOOL_CONVERSION = YES;
				CLANG_WARN_COMMA = YES;
				CLANG_WARN_CONSTANT_CONVERSION = YES;
				CLANG_WARN_DEPRECATED_OBJC_IMPLEMENTATIONS = YES;
				CLANG_WARN_DIRECT_OBJC_ISA_USAGE = YES_ERROR;
				CLANG_WARN_DOCUMENTATION_COMMENTS = YES;
				CLANG_WARN_EMPTY_BODY = YES;
				CLANG_WARN_ENUM_CONVERSION = YES;
				CLANG_WARN_INFINITE_RECURSION = YES;
				CLANG_WARN_INT_CONVERSION = YES;
				CLANG_WARN_NON_LITERAL_NULL_CONVERSION = YES;
				CLANG_WARN_OBJC_IMPLICIT_RETAIN_SELF = YES;
				CLANG_WARN_OBJC_LITERAL_CONVERSION = YES;
				CLANG_WARN_OBJC_ROOT_CLASS = YES_ERROR;
				CLANG_WARN_QUOTED_INCLUDE_IN_FRAMEWORK_HEADER = YES;
				CLANG_WARN_RANGE_LOOP_ANALYSIS = YES;
				CLANG_WARN_STRICT_PROTOTYPES = YES;
				CLANG_WARN_SUSPICIOUS_MOVE = YES;
				CLANG_WARN_UNGUARDED_AVAILABILITY = YES_AGGRESSIVE;
				CLANG_WARN_UNREACHABLE_CODE = YES;
				CLANG_WARN__DUPLICATE_METHOD_MATCH = YES;
				COPY_PHASE_STRIP = NO;
				DEBUG_INFORMATION_FORMAT = "dwarf-with-dsym";
				ENABLE_NS_ASSERTIONS = NO;
				ENABLE_STRICT_OBJC_MSGSEND = YES;
				GCC_C_LANGUAGE_STANDARD = gnu11;
				GCC_NO_COMMON_BLOCKS = YES;
				GCC_WARN_64_TO_32_BIT_CONVERSION = YES;
				GCC_WARN_ABOUT_RETURN_TYPE = YES_ERROR;
				GCC_WARN_UNDECLARED_SELECTOR = YES;
				GCC_WARN_UNINITIALIZED_AUTOS = YES_AGGRESSIVE;
				GCC_WARN_UNUSED_FUNCTION = YES;
				GCC_WARN_UNUSED_VARIABLE = YES;
				IPHONEOS_DEPLOYMENT_TARGET = 14.0;
				MTL_ENABLE_DEBUG_INFO = NO;
				MTL_FAST_MATH = YES;
				SDKROOT = iphoneos;
				SWIFT_COMPILATION_MODE = wholemodule;
				SWIFT_OPTIMIZATION_LEVEL = "-O";
				VALIDATE_PRODUCT = YES;
			};
			name = Release;
		};
		3214C2E22553460700F926D8 /* Debug */ = {
			isa = XCBuildConfiguration;
			buildSettings = {
				ASSETCATALOG_COMPILER_APPICON_NAME = AppIcon;
				ASSETCATALOG_COMPILER_GLOBAL_ACCENT_COLOR_NAME = AccentColor;
				CODE_SIGN_STYLE = Automatic;
				INFOPLIST_FILE = StockApp/Info.plist;
				LD_RUNPATH_SEARCH_PATHS = (
					"$(inherited)",
					"@executable_path/Frameworks",
				);
				PRODUCT_BUNDLE_IDENTIFIER = edu.northeastern.qingyunlin.StockApp;
				PRODUCT_NAME = "$(TARGET_NAME)";
				SWIFT_VERSION = 5.0;
				TARGETED_DEVICE_FAMILY = "1,2";
			};
			name = Debug;
		};
		3214C2E32553460700F926D8 /* Release */ = {
			isa = XCBuildConfiguration;
			buildSettings = {
				ASSETCATALOG_COMPILER_APPICON_NAME = AppIcon;
				ASSETCATALOG_COMPILER_GLOBAL_ACCENT_COLOR_NAME = AccentColor;
				CODE_SIGN_STYLE = Automatic;
				INFOPLIST_FILE = StockApp/Info.plist;
				LD_RUNPATH_SEARCH_PATHS = (
					"$(inherited)",
					"@executable_path/Frameworks",
				);
				PRODUCT_BUNDLE_IDENTIFIER = edu.northeastern.qingyunlin.StockApp;
				PRODUCT_NAME = "$(TARGET_NAME)";
				SWIFT_VERSION = 5.0;
				TARGETED_DEVICE_FAMILY = "1,2";
			};
			name = Release;
		};
		3214C2E52553460700F926D8 /* Debug */ = {
			isa = XCBuildConfiguration;
			buildSettings = {
				ALWAYS_EMBED_SWIFT_STANDARD_LIBRARIES = YES;
				BUNDLE_LOADER = "$(TEST_HOST)";
				CODE_SIGN_STYLE = Automatic;
				INFOPLIST_FILE = StockAppTests/Info.plist;
				IPHONEOS_DEPLOYMENT_TARGET = 14.0;
				LD_RUNPATH_SEARCH_PATHS = (
					"$(inherited)",
					"@executable_path/Frameworks",
					"@loader_path/Frameworks",
				);
				PRODUCT_BUNDLE_IDENTIFIER = edu.northeastern.qingyunlin.StockAppTests;
				PRODUCT_NAME = "$(TARGET_NAME)";
				SWIFT_VERSION = 5.0;
				TARGETED_DEVICE_FAMILY = "1,2";
				TEST_HOST = "$(BUILT_PRODUCTS_DIR)/StockApp.app/Contents/MacOS/StockApp";
			};
			name = Debug;
		};
		3214C2E62553460700F926D8 /* Release */ = {
			isa = XCBuildConfiguration;
			buildSettings = {
				ALWAYS_EMBED_SWIFT_STANDARD_LIBRARIES = YES;
				BUNDLE_LOADER = "$(TEST_HOST)";
				CODE_SIGN_STYLE = Automatic;
				INFOPLIST_FILE = StockAppTests/Info.plist;
				IPHONEOS_DEPLOYMENT_TARGET = 14.0;
				LD_RUNPATH_SEARCH_PATHS = (
					"$(inherited)",
					"@executable_path/Frameworks",
					"@loader_path/Frameworks",
				);
				PRODUCT_BUNDLE_IDENTIFIER = edu.northeastern.qingyunlin.StockAppTests;
				PRODUCT_NAME = "$(TARGET_NAME)";
				SWIFT_VERSION = 5.0;
				TARGETED_DEVICE_FAMILY = "1,2";
				TEST_HOST = "$(BUILT_PRODUCTS_DIR)/StockApp.app/Contents/MacOS/StockApp";
			};
			name = Release;
		};
		3214C2E82553460700F926D8 /* Debug */ = {
			isa = XCBuildConfiguration;
			buildSettings = {
				ALWAYS_EMBED_SWIFT_STANDARD_LIBRARIES = YES;
				CODE_SIGN_STYLE = Automatic;
				INFOPLIST_FILE = StockAppUITests/Info.plist;
				LD_RUNPATH_SEARCH_PATHS = (
					"$(inherited)",
					"@executable_path/Frameworks",
					"@loader_path/Frameworks",
				);
				PRODUCT_BUNDLE_IDENTIFIER = edu.northeastern.qingyunlin.StockAppUITests;
				PRODUCT_NAME = "$(TARGET_NAME)";
				SWIFT_VERSION = 5.0;
				TARGETED_DEVICE_FAMILY = "1,2";
				TEST_TARGET_NAME = StockApp;
			};
			name = Debug;
		};
		3214C2E92553460700F926D8 /* Release */ = {
			isa = XCBuildConfiguration;
			buildSettings = {
				ALWAYS_EMBED_SWIFT_STANDARD_LIBRARIES = YES;
				CODE_SIGN_STYLE = Automatic;
				INFOPLIST_FILE = StockAppUITests/Info.plist;
				LD_RUNPATH_SEARCH_PATHS = (
					"$(inherited)",
					"@executable_path/Frameworks",
					"@loader_path/Frameworks",
				);
				PRODUCT_BUNDLE_IDENTIFIER = edu.northeastern.qingyunlin.StockAppUITests;
				PRODUCT_NAME = "$(TARGET_NAME)";
				SWIFT_VERSION = 5.0;
				TARGETED_DEVICE_FAMILY = "1,2";
				TEST_TARGET_NAME = StockApp;
			};
			name = Release;
		};
/* End XCBuildConfiguration section */

/* Begin XCConfigurationList section */
		3214C2B22553460400F926D8 /* Build configuration list for PBXProject "StockApp" */ = {
			isa = XCConfigurationList;
			buildConfigurations = (
				3214C2DF2553460700F926D8 /* Debug */,
				3214C2E02553460700F926D8 /* Release */,
			);
			defaultConfigurationIsVisible = 0;
			defaultConfigurationName = Release;
		};
		3214C2E12553460700F926D8 /* Build configuration list for PBXNativeTarget "StockApp" */ = {
			isa = XCConfigurationList;
			buildConfigurations = (
				3214C2E22553460700F926D8 /* Debug */,
				3214C2E32553460700F926D8 /* Release */,
			);
			defaultConfigurationIsVisible = 0;
			defaultConfigurationName = Release;
		};
		3214C2E42553460700F926D8 /* Build configuration list for PBXNativeTarget "StockAppTests" */ = {
			isa = XCConfigurationList;
			buildConfigurations = (
				3214C2E52553460700F926D8 /* Debug */,
				3214C2E62553460700F926D8 /* Release */,
			);
			defaultConfigurationIsVisible = 0;
			defaultConfigurationName = Release;
		};
		3214C2E72553460700F926D8 /* Build configuration list for PBXNativeTarget "StockAppUITests" */ = {
			isa = XCConfigurationList;
			buildConfigurations = (
				3214C2E82553460700F926D8 /* Debug */,
				3214C2E92553460700F926D8 /* Release */,
			);
			defaultConfigurationIsVisible = 0;
			defaultConfigurationName = Release;
		};
/* End XCConfigurationList section */
	};
	rootObject = 3214C2AF2553460400F926D8 /* Project object */;
}
